
Microsoft Visual Studio Solution File, Format Version 12.00
# Visual Studio Version 16
VisualStudioVersion = 16.0.31409.214
MinimumVisualStudioVersion = 10.0.40219.1
Project("{FAE04EC0-301F-11D3-BF4B-00C04F79EFBC}") = "PlacementSample", "PlacementSample\PlacementSample.csproj", "{8E572388-E0CC-4C8F-88DD-7D2EE8A6F98C}"
EndProject
Project("{FAE04EC0-301F-11D3-BF4B-00C04F79EFBC}") = "Silo", "Silo\Silo.csproj", "{06A7CCCC-4FF4-4809-85C9-B434643D4C6F}"
EndProject
Project("{FAE04EC0-301F-11D3-BF4B-00C04F79EFBC}") = "SecondSilo", "SecondSilo\SecondSilo.csproj", "{17820564-45E0-4087-A134-90B596FFAAFC}"
EndProject
Project("{FAE04EC0-301F-11D3-BF4B-00C04F79EFBC}") = "GrainInterfaces", "GrainInterface\GrainInterfaces.csproj", "{93659858-CCC2-49A2-AF20-A7FA0C706883}"
EndProject
Project("{FAE04EC0-301F-11D3-BF4B-00C04F79EFBC}") = "Grains", "Grain\Grains.csproj", "{56C2D3B0-5A4F-4540-96E9-F51EE4686C32}"
EndProject
Global
	GlobalSection(SolutionConfigurationPlatforms) = preSolution
		Debug|Any CPU = Debug|Any CPU
		Release|Any CPU = Release|Any CPU
	EndGlobalSection
	GlobalSection(ProjectConfigurationPlatforms) = postSolution
		{8E572388-E0CC-4C8F-88DD-7D2EE8A6F98C}.Debug|Any CPU.ActiveCfg = Debug|Any CPU
		{8E572388-E0CC-4C8F-88DD-7D2EE8A6F98C}.Debug|Any CPU.Build.0 = Debug|Any CPU
		{8E572388-E0CC-4C8F-88DD-7D2EE8A6F98C}.Release|Any CPU.ActiveCfg = Release|Any CPU
		{8E572388-E0CC-4C8F-88DD-7D2EE8A6F98C}.Release|Any CPU.Build.0 = Release|Any CPU
		{06A7CCCC-4FF4-4809-85C9-B434643D4C6F}.Debug|Any CPU.ActiveCfg = Debug|Any CPU
		{06A7CCCC-4FF4-4809-85C9-B434643D4C6F}.Debug|Any CPU.Build.0 = Debug|Any CPU
		{06A7CCCC-4FF4-4809-85C9-B434643D4C6F}.Release|Any CPU.ActiveCfg = Release|Any CPU
		{06A7CCCC-4FF4-4809-85C9-B434643D4C6F}.Release|Any CPU.Build.0 = Release|Any CPU
		{17820564-45E0-4087-A134-90B596FFAAFC}.Debug|Any CPU.ActiveCfg = Debug|Any CPU
		{17820564-45E0-4087-A134-90B596FFAAFC}.Debug|Any CPU.Build.0 = Debug|Any CPU
		{17820564-45E0-4087-A134-90B596FFAAFC}.Release|Any CPU.ActiveCfg = Release|Any CPU
		{17820564-45E0-4087-A134-90B596FFAAFC}.Release|Any CPU.Build.0 = Release|Any CPU
		{93659858-CCC2-49A2-AF20-A7FA0C706883}.Debug|Any CPU.ActiveCfg = Debug|Any CPU
		{93659858-CCC2-49A2-AF20-A7FA0C706883}.Debug|Any CPU.Build.0 = Debug|Any CPU
		{93659858-CCC2-49A2-AF20-A7FA0C706883}.Release|Any CPU.ActiveCfg = Release|Any CPU
		{93659858-CCC2-49A2-AF20-A7FA0C706883}.Release|Any CPU.Build.0 = Release|Any CPU
		{56C2D3B0-5A4F-4540-96E9-F51EE4686C32}.Debug|Any CPU.ActiveCfg = Debug|Any CPU
		{56C2D3B0-5A4F-4540-96E9-F51EE4686C32}.Debug|Any CPU.Build.0 = Debug|Any CPU
		{56C2D3B0-5A4F-4540-96E9-F51EE4686C32}.Release|Any CPU.ActiveCfg = Release|Any CPU
		{56C2D3B0-5A4F-4540-96E9-F51EE4686C32}.Release|Any CPU.Build.0 = Release|Any CPU
	EndGlobalSection
	GlobalSection(SolutionProperties) = preSolution
		HideSolutionNode = FALSE
	EndGlobalSection
	GlobalSection(ExtensibilityGlobals) = postSolution
		SolutionGuid = {3A616102-BC58-43BF-8BEF-F33BDB0C96E5}
	EndGlobalSection
EndGlobal
